
Microsoft Visual Studio Solution File, Format Version 12.00
# Visual Studio Version 16
VisualStudioVersion = 16.0.31624.102
MinimumVisualStudioVersion = 10.0.40219.1
Project("{FAE04EC0-301F-11D3-BF4B-00C04F79EFBC}") = "WpfApp3", "WpfApp3\WpfApp3.csproj", "{C7C2D4CF-6268-4A22-B681-DEBB2C4163A0}"
EndProject
Global
	GlobalSection(SolutionConfigurationPlatforms) = preSolution
		Debug|Any CPU = Debug|Any CPU
		Release|Any CPU = Release|Any CPU
	EndGlobalSection
	GlobalSection(ProjectConfigurationPlatforms) = postSolution
		{C7C2D4CF-6268-4A22-B681-DEBB2C4163A0}.Debug|Any CPU.ActiveCfg = Debug|Any CPU
		{C7C2D4CF-6268-4A22-B681-DEBB2C4163A0}.Debug|Any CPU.Build.0 = Debug|Any CPU
		{C7C2D4CF-6268-4A22-B681-DEBB2C4163A0}.Release|Any CPU.ActiveCfg = Release|Any CPU
		{C7C2D4CF-6268-4A22-B681-DEBB2C4163A0}.Release|Any CPU.Build.0 = Release|Any CPU
	EndGlobalSection
	GlobalSection(SolutionProperties) = preSolution
		HideSolutionNode = FALSE
	EndGlobalSection
	GlobalSection(ExtensibilityGlobals) = postSolution
		SolutionGuid = {DE02CBEF-3E68-4274-963D-75998261A5C4}
	EndGlobalSection
EndGlobal
